
Microsoft Visual Studio Solution File, Format Version 12.00
# Visual Studio Version 16
VisualStudioVersion = 16.0.29519.87
MinimumVisualStudioVersion = 10.0.40219.1
Project("{FAE04EC0-301F-11D3-BF4B-00C04F79EFBC}") = "WebApplication", "WebApplication\WebApplication.csproj", "{DB771641-16B4-43CB-A7ED-3FFE726BD03E}"
EndProject
Global
	GlobalSection(SolutionConfigurationPlatforms) = preSolution
		Debug|Any CPU = Debug|Any CPU
		Release|Any CPU = Release|Any CPU
	EndGlobalSection
	GlobalSection(ProjectConfigurationPlatforms) = postSolution
		{DB771641-16B4-43CB-A7ED-3FFE726BD03E}.Debug|Any CPU.ActiveCfg = Debug|Any CPU
		{DB771641-16B4-43CB-A7ED-3FFE726BD03E}.Debug|Any CPU.Build.0 = Debug|Any CPU
		{DB771641-16B4-43CB-A7ED-3FFE726BD03E}.Release|Any CPU.ActiveCfg = Release|Any CPU
		{DB771641-16B4-43CB-A7ED-3FFE726BD03E}.Release|Any CPU.Build.0 = Release|Any CPU
	EndGlobalSection
	GlobalSection(SolutionProperties) = preSolution
		HideSolutionNode = FALSE
	EndGlobalSection
	GlobalSection(ExtensibilityGlobals) = postSolution
		SolutionGuid = {528C3963-1C02-4F96-BD80-E46A730181F7}
	EndGlobalSection
EndGlobal
